
Microsoft Visual Studio Solution File, Format Version 12.00
# Visual Studio Version 16
VisualStudioVersion = 16.0.30621.155
MinimumVisualStudioVersion = 10.0.40219.1
Project("{FAE04EC0-301F-11D3-BF4B-00C04F79EFBC}") = "NoteGUI", "NoteGUI\NoteGUI.csproj", "{62D1A29E-E574-43DB-BE2C-40101B1DB33A}"
EndProject
Global
	GlobalSection(SolutionConfigurationPlatforms) = preSolution
		Debug|Any CPU = Debug|Any CPU
		Release|Any CPU = Release|Any CPU
	EndGlobalSection
	GlobalSection(ProjectConfigurationPlatforms) = postSolution
		{62D1A29E-E574-43DB-BE2C-40101B1DB33A}.Debug|Any CPU.ActiveCfg = Debug|Any CPU
		{62D1A29E-E574-43DB-BE2C-40101B1DB33A}.Debug|Any CPU.Build.0 = Debug|Any CPU
		{62D1A29E-E574-43DB-BE2C-40101B1DB33A}.Release|Any CPU.ActiveCfg = Release|Any CPU
		{62D1A29E-E574-43DB-BE2C-40101B1DB33A}.Release|Any CPU.Build.0 = Release|Any CPU
	EndGlobalSection
	GlobalSection(SolutionProperties) = preSolution
		HideSolutionNode = FALSE
	EndGlobalSection
	GlobalSection(ExtensibilityGlobals) = postSolution
		SolutionGuid = {8B3EB6A2-DE46-44EE-B00A-B041152D4066}
	EndGlobalSection
EndGlobal
